
Microsoft Visual Studio Solution File, Format Version 12.00
# Visual Studio Version 17
VisualStudioVersion = 17.7.34221.43
MinimumVisualStudioVersion = 10.0.40219.1
Project("{FAE04EC0-301F-11D3-BF4B-00C04F79EFBC}") = "URI_C#_1036", "URI_C#_1036\URI_C#_1036.csproj", "{5135AC81-B1A1-4358-96EE-0D891B633C9D}"
EndProject
Global
	GlobalSection(SolutionConfigurationPlatforms) = preSolution
		Debug|Any CPU = Debug|Any CPU
		Release|Any CPU = Release|Any CPU
	EndGlobalSection
	GlobalSection(ProjectConfigurationPlatforms) = postSolution
		{5135AC81-B1A1-4358-96EE-0D891B633C9D}.Debug|Any CPU.ActiveCfg = Debug|Any CPU
		{5135AC81-B1A1-4358-96EE-0D891B633C9D}.Debug|Any CPU.Build.0 = Debug|Any CPU
		{5135AC81-B1A1-4358-96EE-0D891B633C9D}.Release|Any CPU.ActiveCfg = Release|Any CPU
		{5135AC81-B1A1-4358-96EE-0D891B633C9D}.Release|Any CPU.Build.0 = Release|Any CPU
	EndGlobalSection
	GlobalSection(SolutionProperties) = preSolution
		HideSolutionNode = FALSE
	EndGlobalSection
	GlobalSection(ExtensibilityGlobals) = postSolution
		SolutionGuid = {4D008758-0366-4AA8-9250-15B8ABFF52EE}
	EndGlobalSection
EndGlobal
