
Microsoft Visual Studio Solution File, Format Version 12.00
# Visual Studio Version 17
VisualStudioVersion = 17.7.34221.43
MinimumVisualStudioVersion = 10.0.40219.1
Project("{FAE04EC0-301F-11D3-BF4B-00C04F79EFBC}") = "URI_C#_1012", "URI_C#_1012\URI_C#_1012.csproj", "{08B57190-8810-41D9-8796-D95373AA081A}"
EndProject
Global
	GlobalSection(SolutionConfigurationPlatforms) = preSolution
		Debug|Any CPU = Debug|Any CPU
		Release|Any CPU = Release|Any CPU
	EndGlobalSection
	GlobalSection(ProjectConfigurationPlatforms) = postSolution
		{08B57190-8810-41D9-8796-D95373AA081A}.Debug|Any CPU.ActiveCfg = Debug|Any CPU
		{08B57190-8810-41D9-8796-D95373AA081A}.Debug|Any CPU.Build.0 = Debug|Any CPU
		{08B57190-8810-41D9-8796-D95373AA081A}.Release|Any CPU.ActiveCfg = Release|Any CPU
		{08B57190-8810-41D9-8796-D95373AA081A}.Release|Any CPU.Build.0 = Release|Any CPU
	EndGlobalSection
	GlobalSection(SolutionProperties) = preSolution
		HideSolutionNode = FALSE
	EndGlobalSection
	GlobalSection(ExtensibilityGlobals) = postSolution
		SolutionGuid = {997DA6B1-4A3E-4C8B-A7E9-BC6E4BB4AC9A}
	EndGlobalSection
EndGlobal
