
Microsoft Visual Studio Solution File, Format Version 12.00
# Visual Studio Version 17
VisualStudioVersion = 17.7.34221.43
MinimumVisualStudioVersion = 10.0.40219.1
Project("{FAE04EC0-301F-11D3-BF4B-00C04F79EFBC}") = "URI-C#-1001", "URI-C#-1001\URI-C#-1001.csproj", "{81335A65-BC0E-4C66-9C8C-8CDBE1FE951A}"
EndProject
Global
	GlobalSection(SolutionConfigurationPlatforms) = preSolution
		Debug|Any CPU = Debug|Any CPU
		Release|Any CPU = Release|Any CPU
	EndGlobalSection
	GlobalSection(ProjectConfigurationPlatforms) = postSolution
		{81335A65-BC0E-4C66-9C8C-8CDBE1FE951A}.Debug|Any CPU.ActiveCfg = Debug|Any CPU
		{81335A65-BC0E-4C66-9C8C-8CDBE1FE951A}.Debug|Any CPU.Build.0 = Debug|Any CPU
		{81335A65-BC0E-4C66-9C8C-8CDBE1FE951A}.Release|Any CPU.ActiveCfg = Release|Any CPU
		{81335A65-BC0E-4C66-9C8C-8CDBE1FE951A}.Release|Any CPU.Build.0 = Release|Any CPU
	EndGlobalSection
	GlobalSection(SolutionProperties) = preSolution
		HideSolutionNode = FALSE
	EndGlobalSection
	GlobalSection(ExtensibilityGlobals) = postSolution
		SolutionGuid = {1EA18457-94E1-45E2-B9A2-D9FAC43D2785}
	EndGlobalSection
EndGlobal
